{
  "name": "vegetables_statement",
  "version": "1.0.0",
  "lockfileVersion": 3,
  "requires": true,
  "packages": {
    "": {
      "name": "vegetables_statement",
      "version": "1.0.0",
      "license": "ISC",
      "dependencies": {
        "qiankun": "^2.10.16"
      }
    },
    "node_modules/@babel/runtime": {
      "version": "7.28.6",
      "resolved": "http://registry.npm.oa.com/@babel/runtime/-/runtime-7.28.6.tgz",
      "integrity": "sha512-05WQkdpL9COIMz4LjTxGpPNCdlpyimKppYNoJ5Di5EUObifl8t4tuLuUBBZEpoLYOmfvIWrsp9fCl0HoPRVTdA==",
      "license": "MIT",
      "engines": {
        "node": ">=6.9.0"
      }
    },
    "node_modules/import-html-entry": {
      "version": "1.15.2",
      "resolved": "http://registry.npm.oa.com/import-html-entry/-/import-html-entry-1.15.2.tgz",
      "integrity": "sha512-XXtXpGAq811qBgFVdOU6LoOC67rirwv7qwz/zuz1KxbpAM7QYX6kMvELOdSfhjZ9ntQnsdEOXT2zV7xMYaky6w==",
      "license": "MIT",
      "dependencies": {
        "@babel/runtime": "^7.7.2"
      }
    },
    "node_modules/lodash": {
      "version": "4.17.23",
      "resolved": "http://registry.npm.oa.com/lodash/-/lodash-4.17.23.tgz",
      "integrity": "sha512-LgVTMpQtIopCi79SJeDiP0TfWi5CNEc/L/aRdTh3yIvmZXTnheWpKjSZhnvMl8iXbC1tFg9gdHHDMLoV7CnG+w==",
      "license": "MIT"
    },
    "node_modules/qiankun": {
      "version": "2.10.16",
      "resolved": "http://registry.npm.oa.com/qiankun/-/qiankun-2.10.16.tgz",
      "integrity": "sha512-Q3tSVUrPnzx8ckEOKIoPnhb5LE28FPKyan/r6jEuGJGqTbIy+3rp6E2/KfU82ZI4yZpef9LFTrnxdj49jAEsmw==",
      "license": "MIT",
      "dependencies": {
        "@babel/runtime": "^7.10.5",
        "import-html-entry": "^1.15.1",
        "lodash": "^4.17.11",
        "single-spa": "^5.9.2"
      }
    },
    "node_modules/single-spa": {
      "version": "5.9.5",
      "resolved": "http://registry.npm.oa.com/single-spa/-/single-spa-5.9.5.tgz",
      "integrity": "sha512-9SQdmsyz4HSP+3gs6PJzhkaMEg+6zTlu9oxIghnwUX3eq+ajq4ft5egl0iyR55LAmO/UwvU8NgIWs/ZyQMa6dw==",
      "license": "MIT"
    }
  }
}
